
Microsoft Visual Studio Solution File, Format Version 12.00
# Visual Studio 15
VisualStudioVersion = 15.0.28307.902
MinimumVisualStudioVersion = 10.0.40219.1
Project("{FAE04EC0-301F-11D3-BF4B-00C04F79EFBC}") = "RGZIS", "RGZIS\RGZIS.csproj", "{4D2DA2BC-7264-4405-9E37-3A6B611BC6B7}"
EndProject
Global
	GlobalSection(SolutionConfigurationPlatforms) = preSolution
		Debug|Any CPU = Debug|Any CPU
		Release|Any CPU = Release|Any CPU
	EndGlobalSection
	GlobalSection(ProjectConfigurationPlatforms) = postSolution
		{4D2DA2BC-7264-4405-9E37-3A6B611BC6B7}.Debug|Any CPU.ActiveCfg = Debug|Any CPU
		{4D2DA2BC-7264-4405-9E37-3A6B611BC6B7}.Debug|Any CPU.Build.0 = Debug|Any CPU
		{4D2DA2BC-7264-4405-9E37-3A6B611BC6B7}.Release|Any CPU.ActiveCfg = Release|Any CPU
		{4D2DA2BC-7264-4405-9E37-3A6B611BC6B7}.Release|Any CPU.Build.0 = Release|Any CPU
	EndGlobalSection
	GlobalSection(SolutionProperties) = preSolution
		HideSolutionNode = FALSE
	EndGlobalSection
	GlobalSection(ExtensibilityGlobals) = postSolution
		SolutionGuid = {5C4CAF3B-2208-4AA8-96FF-52D6CDECBABE}
	EndGlobalSection
EndGlobal
